// !$*UTF8*$!
{
	archiveVersion = 1;
	classes = {
	};
	objectVersion = 46;
	objects = {

/* Begin PBXBuildFile section */
		8A8CAB06219ADE5D00497699 /* AppDelegate.swift in Sources */ = {isa = PBXBuildFile; fileRef = 8A8CAB05219ADE5D00497699 /* AppDelegate.swift */; };
		8A8CAB08219ADE5D00497699 /* ViewController.swift in Sources */ = {isa = PBXBuildFile; fileRef = 8A8CAB07219ADE5D00497699 /* ViewController.swift */; };
		8A8CAB0B219ADE5D00497699 /* Main.storyboard in Resources */ = {isa = PBXBuildFile; fileRef = 8A8CAB09219ADE5D00497699 /* Main.storyboard */; };
		8A8CAB0D219ADE5D00497699 /* Assets.xcassets in Resources */ = {isa = PBXBuildFile; fileRef = 8A8CAB0C219ADE5D00497699 /* Assets.xcassets */; };
		8A8CAB10219ADE5D00497699 /* LaunchScreen.storyboard in Resources */ = {isa = PBXBuildFile; fileRef = 8A8CAB0E219ADE5D00497699 /* LaunchScreen.storyboard */; };
		8A8CAB1B219ADE5D00497699 /* helloworldTests.swift in Sources */ = {isa = PBXBuildFile; fileRef = 8A8CAB1A219ADE5D00497699 /* helloworldTests.swift */; };
		8A8CAB26219ADE5D00497699 /* helloworldUITests.swift in Sources */ = {isa = PBXBuildFile; fileRef = 8A8CAB25219ADE5D00497699 /* helloworldUITests.swift */; };
/* End PBXBuildFile section */

/* Begin PBXContainerItemProxy section */
		8A8CAB17219ADE5D00497699 /* PBXContainerItemProxy */ = {
			isa = PBXContainerItemProxy;
			containerPortal = 8A8CAAFA219ADE5D00497699 /* Project object */;
			proxyType = 1;
			remoteGlobalIDString = 8A8CAB01219ADE5D00497699;
			remoteInfo = helloworld;
		};
		8A8CAB22219ADE5D00497699 /* PBXContainerItemProxy */ = {
			isa = PBXContainerItemProxy;
			containerPortal = 8A8CAAFA219ADE5D00497699 /* Project object */;
			proxyType = 1;
			remoteGlobalIDString = 8A8CAB01219ADE5D00497699;
			remoteInfo = helloworld;
		};
/* End PBXContainerItemProxy section */

/* Begin PBXFileReference section */
		8A8CAB02219ADE5D00497699 /* helloworld.app */ = {isa = PBXFileReference; explicitFileType = wrapper.application; includeInIndex = 0; path = helloworld.app; sourceTree = BUILT_PRODUCTS_DIR; };
		8A8CAB05219ADE5D00497699 /* AppDelegate.swift */ = {isa = PBXFileReference; lastKnownFileType = sourcecode.swift; path = AppDelegate.swift; sourceTree = "<group>"; };
		8A8CAB07219ADE5D00497699 /* ViewController.swift */ = {isa = PBXFileReference; lastKnownFileType = sourcecode.swift; path = ViewController.swift; sourceTree = "<group>"; };
		8A8CAB0A219ADE5D00497699 /* Base */ = {isa = PBXFileReference; lastKnownFileType = file.storyboard; name = Base; path = Base.lproj/Main.storyboard; sourceTree = "<group>"; };
		8A8CAB0C219ADE5D00497699 /* Assets.xcassets */ = {isa = PBXFileReference; lastKnownFileType = folder.assetcatalog; path = Assets.xcassets; sourceTree = "<group>"; };
		8A8CAB0F219ADE5D00497699 /* Base */ = {isa = PBXFileReference; lastKnownFileType = file.storyboard; name = Base; path = Base.lproj/LaunchScreen.storyboard; sourceTree = "<group>"; };
		8A8CAB11219ADE5D00497699 /* Info.plist */ = {isa = PBXFileReference; lastKnownFileType = text.plist.xml; path = Info.plist; sourceTree = "<group>"; };
		8A8CAB16219ADE5D00497699 /* helloworldTests.xctest */ = {isa = PBXFileReference; explicitFileType = wrapper.cfbundle; includeInIndex = 0; path = helloworldTests.xctest; sourceTree = BUILT_PRODUCTS_DIR; };
		8A8CAB1A219ADE5D00497699 /* helloworldTests.swift */ = {isa = PBXFileReference; lastKnownFileType = sourcecode.swift; path = helloworldTests.swift; sourceTree = "<group>"; };
		8A8CAB1C219ADE5D00497699 /* Info.plist */ = {isa = PBXFileReference; lastKnownFileType = text.plist.xml; path = Info.plist; sourceTree = "<group>"; };
		8A8CAB21219ADE5D00497699 /* helloworldUITests.xctest */ = {isa = PBXFileReference; explicitFileType = wrapper.cfbundle; includeInIndex = 0; path = helloworldUITests.xctest; sourceTree = BUILT_PRODUCTS_DIR; };
		8A8CAB25219ADE5D00497699 /* helloworldUITests.swift */ = {isa = PBXFileReference; lastKnownFileType = sourcecode.swift; path = helloworldUITests.swift; sourceTree = "<group>"; };
		8A8CAB27219ADE5D00497699 /* Info.plist */ = {isa = PBXFileReference; lastKnownFileType = text.plist.xml; path = Info.plist; sourceTree = "<group>"; };
/* End PBXFileReference section */

/* Begin PBXFrameworksBuildPhase section */
		8A8CAAFF219ADE5D00497699 /* Frameworks */ = {
			isa = PBXFrameworksBuildPhase;
			buildActionMask = 2147483647;
			files = (
			);
			runOnlyForDeploymentPostprocessing = 0;
		};
		8A8CAB13219ADE5D00497699 /* Frameworks */ = {
			isa = PBXFrameworksBuildPhase;
			buildActionMask = 2147483647;
			files = (
			);
			runOnlyForDeploymentPostprocessing = 0;
		};
		8A8CAB1E219ADE5D00497699 /* Frameworks */ = {
			isa = PBXFrameworksBuildPhase;
			buildActionMask = 2147483647;
			files = (
			);
			runOnlyForDeploymentPostprocessing = 0;
		};
/* End PBXFrameworksBuildPhase section */

/* Begin PBXGroup section */
		8A8CAAF9219ADE5D00497699 = {
			isa = PBXGroup;
			children = (
				8A8CAB04219ADE5D00497699 /* helloworld */,
				8A8CAB19219ADE5D00497699 /* helloworldTests */,
				8A8CAB24219ADE5D00497699 /* helloworldUITests */,
				8A8CAB03219ADE5D00497699 /* Products */,
			);
			sourceTree = "<group>";
		};
		8A8CAB03219ADE5D00497699 /* Products */ = {
			isa = PBXGroup;
			children = (
				8A8CAB02219ADE5D00497699 /* helloworld.app */,
				8A8CAB16219ADE5D00497699 /* helloworldTests.xctest */,
				8A8CAB21219ADE5D00497699 /* helloworldUITests.xctest */,
			);
			name = Products;
			sourceTree = "<group>";
		};
		8A8CAB04219ADE5D00497699 /* helloworld */ = {
			isa = PBXGroup;
			children = (
				8A8CAB05219ADE5D00497699 /* AppDelegate.swift */,
				8A8CAB07219ADE5D00497699 /* ViewController.swift */,
				8A8CAB09219ADE5D00497699 /* Main.storyboard */,
				8A8CAB0C219ADE5D00497699 /* Assets.xcassets */,
				8A8CAB0E219ADE5D00497699 /* LaunchScreen.storyboard */,
				8A8CAB11219ADE5D00497699 /* Info.plist */,
			);
			path = helloworld;
			sourceTree = "<group>";
		};
		8A8CAB19219ADE5D00497699 /* helloworldTests */ = {
			isa = PBXGroup;
			children = (
				8A8CAB1A219ADE5D00497699 /* helloworldTests.swift */,
				8A8CAB1C219ADE5D00497699 /* Info.plist */,
			);
			path = helloworldTests;
			sourceTree = "<group>";
		};
		8A8CAB24219ADE5D00497699 /* helloworldUITests */ = {
			isa = PBXGroup;
			children = (
				8A8CAB25219ADE5D00497699 /* helloworldUITests.swift */,
				8A8CAB27219ADE5D00497699 /* Info.plist */,
			);
			path = helloworldUITests;
			sourceTree = "<group>";
		};
/* End PBXGroup section */

/* Begin PBXNativeTarget section */
		8A8CAB01219ADE5D00497699 /* helloworld */ = {
			isa = PBXNativeTarget;
			buildConfigurationList = 8A8CAB2A219ADE5D00497699 /* Build configuration list for PBXNativeTarget "helloworld" */;
			buildPhases = (
				8A8CAAFE219ADE5D00497699 /* Sources */,
				8A8CAAFF219ADE5D00497699 /* Frameworks */,
				8A8CAB00219ADE5D00497699 /* Resources */,
			);
			buildRules = (
			);
			dependencies = (
			);
			name = helloworld;
			productName = helloworld;
			productReference = 8A8CAB02219ADE5D00497699 /* helloworld.app */;
			productType = "com.apple.product-type.application";
		};
		8A8CAB15219ADE5D00497699 /* helloworldTests */ = {
			isa = PBXNativeTarget;
			buildConfigurationList = 8A8CAB2D219ADE5D00497699 /* Build configuration list for PBXNativeTarget "helloworldTests" */;
			buildPhases = (
				8A8CAB12219ADE5D00497699 /* Sources */,
				8A8CAB13219ADE5D00497699 /* Frameworks */,
				8A8CAB14219ADE5D00497699 /* Resources */,
			);
			buildRules = (
			);
			dependencies = (
				8A8CAB18219ADE5D00497699 /* PBXTargetDependency */,
			);
			name = helloworldTests;
			productName = helloworldTests;
			productReference = 8A8CAB16219ADE5D00497699 /* helloworldTests.xctest */;
			productType = "com.apple.product-type.bundle.unit-test";
		};
		8A8CAB20219ADE5D00497699 /* helloworldUITests */ = {
			isa = PBXNativeTarget;
			buildConfigurationList = 8A8CAB30219ADE5D00497699 /* Build configuration list for PBXNativeTarget "helloworldUITests" */;
			buildPhases = (
				8A8CAB1D219ADE5D00497699 /* Sources */,
				8A8CAB1E219ADE5D00497699 /* Frameworks */,
				8A8CAB1F219ADE5D00497699 /* Resources */,
			);
			buildRules = (
			);
			dependencies = (
				8A8CAB23219ADE5D00497699 /* PBXTargetDependency */,
			);
			name = helloworldUITests;
			productName = helloworldUITests;
			productReference = 8A8CAB21219ADE5D00497699 /* helloworldUITests.xctest */;
			productType = "com.apple.product-type.bundle.ui-testing";
		};
/* End PBXNativeTarget section */

/* Begin PBXProject section */
		8A8CAAFA219ADE5D00497699 /* Project object */ = {
			isa = PBXProject;
			attributes = {
				LastSwiftUpdateCheck = 0730;
				LastUpgradeCheck = 0730;
				ORGANIZATIONNAME = "高亦远";
				TargetAttributes = {
					8A8CAB01219ADE5D00497699 = {
						CreatedOnToolsVersion = 7.3.1;
					};
					8A8CAB15219ADE5D00497699 = {
						CreatedOnToolsVersion = 7.3.1;
						TestTargetID = 8A8CAB01219ADE5D00497699;
					};
					8A8CAB20219ADE5D00497699 = {
						CreatedOnToolsVersion = 7.3.1;
						TestTargetID = 8A8CAB01219ADE5D00497699;
					};
				};
			};
			buildConfigurationList = 8A8CAAFD219ADE5D00497699 /* Build configuration list for PBXProject "helloworld" */;
			compatibilityVersion = "Xcode 3.2";
			developmentRegion = English;
			hasScannedForEncodings = 0;
			knownRegions = (
				en,
				Base,
			);
			mainGroup = 8A8CAAF9219ADE5D00497699;
			productRefGroup = 8A8CAB03219ADE5D00497699 /* Products */;
			projectDirPath = "";
			projectRoot = "";
			targets = (
				8A8CAB01219ADE5D00497699 /* helloworld */,
				8A8CAB15219ADE5D00497699 /* helloworldTests */,
				8A8CAB20219ADE5D00497699 /* helloworldUITests */,
			);
		};
/* End PBXProject section */

/* Begin PBXResourcesBuildPhase section */
		8A8CAB00219ADE5D00497699 /* Resources */ = {
			isa = PBXResourcesBuildPhase;
			buildActionMask = 2147483647;
			files = (
				8A8CAB10219ADE5D00497699 /* LaunchScreen.storyboard in Resources */,
				8A8CAB0D219ADE5D00497699 /* Assets.xcassets in Resources */,
				8A8CAB0B219ADE5D00497699 /* Main.storyboard in Resources */,
			);
			runOnlyForDeploymentPostprocessing = 0;
		};
		8A8CAB14219ADE5D00497699 /* Resources */ = {
			isa = PBXResourcesBuildPhase;
			buildActionMask = 2147483647;
			files = (
			);
			runOnlyForDeploymentPostprocessing = 0;
		};
		8A8CAB1F219ADE5D00497699 /* Resources */ = {
			isa = PBXResourcesBuildPhase;
			buildActionMask = 2147483647;
			files = (
			);
			runOnlyForDeploymentPostprocessing = 0;
		};
/* End PBXResourcesBuildPhase section */

/* Begin PBXSourcesBuildPhase section */
		8A8CAAFE219ADE5D00497699 /* Sources */ = {
			isa = PBXSourcesBuildPhase;
			buildActionMask = 2147483647;
			files = (
				8A8CAB08219ADE5D00497699 /* ViewController.swift in Sources */,
				8A8CAB06219ADE5D00497699 /* AppDelegate.swift in Sources */,
			);
			runOnlyForDeploymentPostprocessing = 0;
		};
		8A8CAB12219ADE5D00497699 /* Sources */ = {
			isa = PBXSourcesBuildPhase;
			buildActionMask = 2147483647;
			files = (
				8A8CAB1B219ADE5D00497699 /* helloworldTests.swift in Sources */,
			);
			runOnlyForDeploymentPostprocessing = 0;
		};
		8A8CAB1D219ADE5D00497699 /* Sources */ = {
			isa = PBXSourcesBuildPhase;
			buildActionMask = 2147483647;
			files = (
				8A8CAB26219ADE5D00497699 /* helloworldUITests.swift in Sources */,
			);
			runOnlyForDeploymentPostprocessing = 0;
		};
/* End PBXSourcesBuildPhase section */

/* Begin PBXTargetDependency section */
		8A8CAB18219ADE5D00497699 /* PBXTargetDependency */ = {
			isa = PBXTargetDependency;
			target = 8A8CAB01219ADE5D00497699 /* helloworld */;
			targetProxy = 8A8CAB17219ADE5D00497699 /* PBXContainerItemProxy */;
		};
		8A8CAB23219ADE5D00497699 /* PBXTargetDependency */ = {
			isa = PBXTargetDependency;
			target = 8A8CAB01219ADE5D00497699 /* helloworld */;
			targetProxy = 8A8CAB22219ADE5D00497699 /* PBXContainerItemProxy */;
		};
/* End PBXTargetDependency section */

/* Begin PBXVariantGroup section */
		8A8CAB09219ADE5D00497699 /* Main.storyboard */ = {
			isa = PBXVariantGroup;
			children = (
				8A8CAB0A219ADE5D00497699 /* Base */,
			);
			name = Main.storyboard;
			sourceTree = "<group>";
		};
		8A8CAB0E219ADE5D00497699 /* LaunchScreen.storyboard */ = {
			isa = PBXVariantGroup;
			children = (
				8A8CAB0F219ADE5D00497699 /* Base */,
			);
			name = LaunchScreen.storyboard;
			sourceTree = "<group>";
		};
/* End PBXVariantGroup section */

/* Begin XCBuildConfiguration section */
		8A8CAB28219ADE5D00497699 /* Debug */ = {
			isa = XCBuildConfiguration;
			buildSettings = {
				ALWAYS_SEARCH_USER_PATHS = NO;
				CLANG_ANALYZER_NONNULL = YES;
				CLANG_CXX_LANGUAGE_STANDARD = "gnu++0x";
				CLANG_CXX_LIBRARY = "libc++";
				CLANG_ENABLE_MODULES = YES;
				CLANG_ENABLE_OBJC_ARC = YES;
				CLANG_WARN_BOOL_CONVERSION = YES;
				CLANG_WARN_CONSTANT_CONVERSION = YES;
				CLANG_WARN_DIRECT_OBJC_ISA_USAGE = YES_ERROR;
				CLANG_WARN_EMPTY_BODY = YES;
				CLANG_WARN_ENUM_CONVERSION = YES;
				CLANG_WARN_INT_CONVERSION = YES;
				CLANG_WARN_OBJC_ROOT_CLASS = YES_ERROR;
				CLANG_WARN_UNREACHABLE_CODE = YES;
				CLANG_WARN__DUPLICATE_METHOD_MATCH = YES;
				"CODE_SIGN_IDENTITY[sdk=iphoneos*]" = "iPhone Developer";
				COPY_PHASE_STRIP = NO;
				DEBUG_INFORMATION_FORMAT = dwarf;
				ENABLE_STRICT_OBJC_MSGSEND = YES;
				ENABLE_TESTABILITY = YES;
				GCC_C_LANGUAGE_STANDARD = gnu99;
				GCC_DYNAMIC_NO_PIC = NO;
				GCC_NO_COMMON_BLOCKS = YES;
				GCC_OPTIMIZATION_LEVEL = 0;
				GCC_PREPROCESSOR_DEFINITIONS = (
					"DEBUG=1",
					"$(inherited)",
				);
				GCC_WARN_64_TO_32_BIT_CONVERSION = YES;
				GCC_WARN_ABOUT_RETURN_TYPE = YES_ERROR;
				GCC_WARN_UNDECLARED_SELECTOR = YES;
				GCC_WARN_UNINITIALIZED_AUTOS = YES_AGGRESSIVE;
				GCC_WARN_UNUSED_FUNCTION = YES;
				GCC_WARN_UNUSED_VARIABLE = YES;
				IPHONEOS_DEPLOYMENT_TARGET = 9.3;
				MTL_ENABLE_DEBUG_INFO = YES;
				ONLY_ACTIVE_ARCH = YES;
				SDKROOT = iphoneos;
				SWIFT_OPTIMIZATION_LEVEL = "-Onone";
				TARGETED_DEVICE_FAMILY = "1,2";
			};
			name = Debug;
		};
		8A8CAB29219ADE5D00497699 /* Release */ = {
			isa = XCBuildConfiguration;
			buildSettings = {
				ALWAYS_SEARCH_USER_PATHS = NO;
				CLANG_ANALYZER_NONNULL = YES;
				CLANG_CXX_LANGUAGE_STANDARD = "gnu++0x";
				CLANG_CXX_LIBRARY = "libc++";
				CLANG_ENABLE_MODULES = YES;
				CLANG_ENABLE_OBJC_ARC = YES;
				CLANG_WARN_BOOL_CONVERSION = YES;
				CLANG_WARN_CONSTANT_CONVERSION = YES;
				CLANG_WARN_DIRECT_OBJC_ISA_USAGE = YES_ERROR;
				CLANG_WARN_EMPTY_BODY = YES;
				CLANG_WARN_ENUM_CONVERSION = YES;
				CLANG_WARN_INT_CONVERSION = YES;
				CLANG_WARN_OBJC_ROOT_CLASS = YES_ERROR;
				CLANG_WARN_UNREACHABLE_CODE = YES;
				CLANG_WARN__DUPLICATE_METHOD_MATCH = YES;
				"CODE_SIGN_IDENTITY[sdk=iphoneos*]" = "iPhone Developer";
				COPY_PHASE_STRIP = NO;
				DEBUG_INFORMATION_FORMAT = "dwarf-with-dsym";
				ENABLE_NS_ASSERTIONS = NO;
				ENABLE_STRICT_OBJC_MSGSEND = YES;
				GCC_C_LANGUAGE_STANDARD = gnu99;
				GCC_NO_COMMON_BLOCKS = YES;
				GCC_WARN_64_TO_32_BIT_CONVERSION = YES;
				GCC_WARN_ABOUT_RETURN_TYPE = YES_ERROR;
				GCC_WARN_UNDECLARED_SELECTOR = YES;
				GCC_WARN_UNINITIALIZED_AUTOS = YES_AGGRESSIVE;
				GCC_WARN_UNUSED_FUNCTION = YES;
				GCC_WARN_UNUSED_VARIABLE = YES;
				IPHONEOS_DEPLOYMENT_TARGET = 9.3;
				MTL_ENABLE_DEBUG_INFO = NO;
				SDKROOT = iphoneos;
				TARGETED_DEVICE_FAMILY = "1,2";
				VALIDATE_PRODUCT = YES;
			};
			name = Release;
		};
		8A8CAB2B219ADE5D00497699 /* Debug */ = {
			isa = XCBuildConfiguration;
			buildSettings = {
				ASSETCATALOG_COMPILER_APPICON_NAME = AppIcon;
				INFOPLIST_FILE = helloworld/Info.plist;
				LD_RUNPATH_SEARCH_PATHS = "$(inherited) @executable_path/Frameworks";
				PRODUCT_BUNDLE_IDENTIFIER = nju.helloworld;
				PRODUCT_NAME = "$(TARGET_NAME)";
			};
			name = Debug;
		};
		8A8CAB2C219ADE5D00497699 /* Release */ = {
			isa = XCBuildConfiguration;
			buildSettings = {
				ASSETCATALOG_COMPILER_APPICON_NAME = AppIcon;
				INFOPLIST_FILE = helloworld/Info.plist;
				LD_RUNPATH_SEARCH_PATHS = "$(inherited) @executable_path/Frameworks";
				PRODUCT_BUNDLE_IDENTIFIER = nju.helloworld;
				PRODUCT_NAME = "$(TARGET_NAME)";
			};
			name = Release;
		};
		8A8CAB2E219ADE5D00497699 /* Debug */ = {
			isa = XCBuildConfiguration;
			buildSettings = {
				BUNDLE_LOADER = "$(TEST_HOST)";
				INFOPLIST_FILE = helloworldTests/Info.plist;
				LD_RUNPATH_SEARCH_PATHS = "$(inherited) @executable_path/Frameworks @loader_path/Frameworks";
				PRODUCT_BUNDLE_IDENTIFIER = nju.helloworldTests;
				PRODUCT_NAME = "$(TARGET_NAME)";
				TEST_HOST = "$(BUILT_PRODUCTS_DIR)/helloworld.app/helloworld";
			};
			name = Debug;
		};
		8A8CAB2F219ADE5D00497699 /* Release */ = {
			isa = XCBuildConfiguration;
			buildSettings = {
				BUNDLE_LOADER = "$(TEST_HOST)";
				INFOPLIST_FILE = helloworldTests/Info.plist;
				LD_RUNPATH_SEARCH_PATHS = "$(inherited) @executable_path/Frameworks @loader_path/Frameworks";
				PRODUCT_BUNDLE_IDENTIFIER = nju.helloworldTests;
				PRODUCT_NAME = "$(TARGET_NAME)";
				TEST_HOST = "$(BUILT_PRODUCTS_DIR)/helloworld.app/helloworld";
			};
			name = Release;
		};
		8A8CAB31219ADE5D00497699 /* Debug */ = {
			isa = XCBuildConfiguration;
			buildSettings = {
				INFOPLIST_FILE = helloworldUITests/Info.plist;
				LD_RUNPATH_SEARCH_PATHS = "$(inherited) @executable_path/Frameworks @loader_path/Frameworks";
				PRODUCT_BUNDLE_IDENTIFIER = nju.helloworldUITests;
				PRODUCT_NAME = "$(TARGET_NAME)";
				TEST_TARGET_NAME = helloworld;
			};
			name = Debug;
		};
		8A8CAB32219ADE5D00497699 /* Release */ = {
			isa = XCBuildConfiguration;
			buildSettings = {
				INFOPLIST_FILE = helloworldUITests/Info.plist;
				LD_RUNPATH_SEARCH_PATHS = "$(inherited) @executable_path/Frameworks @loader_path/Frameworks";
				PRODUCT_BUNDLE_IDENTIFIER = nju.helloworldUITests;
				PRODUCT_NAME = "$(TARGET_NAME)";
				TEST_TARGET_NAME = helloworld;
			};
			name = Release;
		};
/* End XCBuildConfiguration section */

/* Begin XCConfigurationList section */
		8A8CAAFD219ADE5D00497699 /* Build configuration list for PBXProject "helloworld" */ = {
			isa = XCConfigurationList;
			buildConfigurations = (
				8A8CAB28219ADE5D00497699 /* Debug */,
				8A8CAB29219ADE5D00497699 /* Release */,
			);
			defaultConfigurationIsVisible = 0;
			defaultConfigurationName = Release;
		};
		8A8CAB2A219ADE5D00497699 /* Build configuration list for PBXNativeTarget "helloworld" */ = {
			isa = XCConfigurationList;
			buildConfigurations = (
				8A8CAB2B219ADE5D00497699 /* Debug */,
				8A8CAB2C219ADE5D00497699 /* Release */,
			);
			defaultConfigurationIsVisible = 0;
		};
		8A8CAB2D219ADE5D00497699 /* Build configuration list for PBXNativeTarget "helloworldTests" */ = {
			isa = XCConfigurationList;
			buildConfigurations = (
				8A8CAB2E219ADE5D00497699 /* Debug */,
				8A8CAB2F219ADE5D00497699 /* Release */,
			);
			defaultConfigurationIsVisible = 0;
		};
		8A8CAB30219ADE5D00497699 /* Build configuration list for PBXNativeTarget "helloworldUITests" */ = {
			isa = XCConfigurationList;
			buildConfigurations = (
				8A8CAB31219ADE5D00497699 /* Debug */,
				8A8CAB32219ADE5D00497699 /* Release */,
			);
			defaultConfigurationIsVisible = 0;
		};
/* End XCConfigurationList section */
	};
	rootObject = 8A8CAAFA219ADE5D00497699 /* Project object */;
}
